{
  "requires": true,
  "lockfileVersion": 1,
  "dependencies": {
    "@fortawesome/fontawesome-free": {
      "version": "5.11.1",
      "resolved": "https://registry.npmjs.org/@fortawesome/fontawesome-free/-/fontawesome-free-5.11.1.tgz",
      "integrity": "sha512-DtXLVYAkDU0ce1cFUgLvZaMd1R2J/LviBYih9xr4ZLhQMrgvYX7w2vOxlpKLRALfIj5GyC5zoVrcACOkLcFgvg==",
      "dev": true
    },
    "tiny-slider": {
      "version": "2.9.2",
      "resolved": "https://registry.npmjs.org/tiny-slider/-/tiny-slider-2.9.2.tgz",
      "integrity": "sha512-2sgEJpVbpIbbgiYM/xGa0HMvvtUZSJvXeZJmLWBux6VgFqh/MQG8LXBR59ZLYpa/1OtwM0E6/ic55oLOJN9Mnw=="
    }
  }
}
